// !$*UTF8*$!
{
	archiveVersion = 1;
	classes = {
	};
	objectVersion = 77;
	objects = {

/* Begin PBXBuildFile section */
		00274311D99A3F8C55943D50 /* AppViewModel.swift in Sources */ = {isa = PBXBuildFile; fileRef = 6E2AD7E023FF2BEEB14F4CE6 /* AppViewModel.swift */; };
		01598381D541F8F4BEAA0B55 /* QuestionServiceTests.swift in Sources */ = {isa = PBXBuildFile; fileRef = 31AC943AA95B68F29A8739EA /* QuestionServiceTests.swift */; };
		0BD1D5CA3AF221F42E61DF0F /* ShareSheet.swift in Sources */ = {isa = PBXBuildFile; fileRef = ABF63CDBA9C3EF1FAC5F6653 /* ShareSheet.swift */; };
		0D526D57352C8BB7D3583192 /* ContentView.swift in Sources */ = {isa = PBXBuildFile; fileRef = 5C540338993B82F3AA636931 /* ContentView.swift */; };
		1422BD47C86B253E525297DD /* ReadyStepView.swift in Sources */ = {isa = PBXBuildFile; fileRef = B1CB4AE701231165552C5F4C /* ReadyStepView.swift */; };
		24A9C2329C1FCE611A5AAE55 /* LocalizedStrings.swift in Sources */ = {isa = PBXBuildFile; fileRef = 47CA61DB782FC5A13F8B0CC1 /* LocalizedStrings.swift */; };
		319F71DD5453223AE675E73B /* NotificationService.swift in Sources */ = {isa = PBXBuildFile; fileRef = 4F41445EADDC175942476E6B /* NotificationService.swift */; };
		3840A4A1AE5A5C9041E8DBF3 /* CompletionView.swift in Sources */ = {isa = PBXBuildFile; fileRef = 4BF605C5F4B443193DEDA4B9 /* CompletionView.swift */; };
		3CC10807FD9B1DD2F7910B06 /* FontRequirements.swift in Sources */ = {isa = PBXBuildFile; fileRef = 1A90323408CA2D8264C40B8B /* FontRequirements.swift */; };
		539C33C10C395ACA2DD80A80 /* JournalingView.swift in Sources */ = {isa = PBXBuildFile; fileRef = 219C7D686CFE72A994D902EB /* JournalingView.swift */; };
		54B91D0F87FFCD70D31854AE /* SessionDetailView.swift in Sources */ = {isa = PBXBuildFile; fileRef = 254443C77F1AA13B005E3379 /* SessionDetailView.swift */; };
		58CA24D40EB4EDCB0F3B2A1A /* HistoryView.swift in Sources */ = {isa = PBXBuildFile; fileRef = 6120897A8CD2C6D432337DD7 /* HistoryView.swift */; };
		5BFF7339E5FDED4A351DC65D /* LifeGameComponents.swift in Sources */ = {isa = PBXBuildFile; fileRef = 266E1D6A3B2879128B4C880A /* LifeGameComponents.swift */; };
		6A5FE3915A5D8E4321D537E6 /* LanguageSelectionView.swift in Sources */ = {isa = PBXBuildFile; fileRef = 4AF82C2B2180C52FAB3031D6 /* LanguageSelectionView.swift */; };
		7113A93D527E447BD2FC03D3 /* ProtocolSession.swift in Sources */ = {isa = PBXBuildFile; fileRef = E9545783E5954BA95A9341E6 /* ProtocolSession.swift */; };
		7495BE5672C275675FC14039 /* SynthesisView.swift in Sources */ = {isa = PBXBuildFile; fileRef = E0FF0E241D31D5B34C393591 /* SynthesisView.swift */; };
		75A83322146A1589CFE5FA39 /* DateSelectionView.swift in Sources */ = {isa = PBXBuildFile; fileRef = 959510E05757D30CE7660541 /* DateSelectionView.swift */; };
		7747BBFBA2CB2B45A12F66E8 /* DansProtocolApp.swift in Sources */ = {isa = PBXBuildFile; fileRef = 53812F256671A9DD224E6719 /* DansProtocolApp.swift */; };
		7C00920EE2545B34DA431ACE /* JournalingViewModel.swift in Sources */ = {isa = PBXBuildFile; fileRef = F56DC7999326DA4A8A11A960 /* JournalingViewModel.swift */; };
		8200193DA2F4AD43AE7C81C4 /* JournalEntry.swift in Sources */ = {isa = PBXBuildFile; fileRef = F0C49D3E5A94CB68CCDDD46A /* JournalEntry.swift */; };
		82CD222098681726226C3098 /* TextButton.swift in Sources */ = {isa = PBXBuildFile; fileRef = 8FC5395C54A5C717BCDE2BFF /* TextButton.swift */; };
		8627EBB5775EE2D5FFDA5870 /* WakeTimeSelectionView.swift in Sources */ = {isa = PBXBuildFile; fileRef = B4A4EDEEE34BABCEF45C9319 /* WakeTimeSelectionView.swift */; };
		8DD61FFC1CD41C294FBD3082 /* Date+Extensions.swift in Sources */ = {isa = PBXBuildFile; fileRef = D11A23229A3E5CD6F76D4050 /* Date+Extensions.swift */; };
		99C91169EA157308A672025E /* SessionComparisonView.swift in Sources */ = {isa = PBXBuildFile; fileRef = 50FC96361F2C439657B02067 /* SessionComparisonView.swift */; };
		9F432BA47D7C6D282853A8E8 /* OnboardingViewModel.swift in Sources */ = {isa = PBXBuildFile; fileRef = CD1D818B85F852D79003616C /* OnboardingViewModel.swift */; };
		A490D96D005EB85E302E9A1C /* ShareImageGenerator.swift in Sources */ = {isa = PBXBuildFile; fileRef = B5793D77DF2633929199B174 /* ShareImageGenerator.swift */; };
		A6B79BBE5A052F7803E6B095 /* QuestionService.swift in Sources */ = {isa = PBXBuildFile; fileRef = BB25DB689F8EE5E7B1EF7DCA /* QuestionService.swift */; };
		B06333C8C8BEB6BB5CC02F95 /* Colors.swift in Sources */ = {isa = PBXBuildFile; fileRef = 486C4821F6E0CA4729541506 /* Colors.swift */; };
		B3CA3A3E1D1E9E9786BD8520 /* DateExtensionsTests.swift in Sources */ = {isa = PBXBuildFile; fileRef = 284D4F815D35C722617A5183 /* DateExtensionsTests.swift */; };
		B746747C288F38B81D376605 /* Typography.swift in Sources */ = {isa = PBXBuildFile; fileRef = 0757A8CB3ECB994F5CB1369C /* Typography.swift */; };
		BA9CDEB4F8A37265E4820540 /* ComponentsInputView.swift in Sources */ = {isa = PBXBuildFile; fileRef = 58F06F1B924E5A5208A2F12B /* ComponentsInputView.swift */; };
		BC6F54B64655AB2D6C98F242 /* Spacing.swift in Sources */ = {isa = PBXBuildFile; fileRef = 28E1A69C2305E27CDBDE0BDC /* Spacing.swift */; };
		BD8912169F1730E3271B85F8 /* MinimalTextField.swift in Sources */ = {isa = PBXBuildFile; fileRef = EFA9707C4FA4C12EAE04A304 /* MinimalTextField.swift */; };
		BE0FB3096E91BB15F535D5D9 /* OnboardingView.swift in Sources */ = {isa = PBXBuildFile; fileRef = C2C77085E5408516B44A6252 /* OnboardingView.swift */; };
		C0183BFA76E05825085DC927 /* DansProtocolTests.swift in Sources */ = {isa = PBXBuildFile; fileRef = 79F4317C44D667E669B517C0 /* DansProtocolTests.swift */; };
		C0F08B5FED072FFF88E37E94 /* DansProtocolUITestsLaunchTests.swift in Sources */ = {isa = PBXBuildFile; fileRef = 986254C95258513968599755 /* DansProtocolUITestsLaunchTests.swift */; };
		C5D3AAC9A7D40A4213B88CC9 /* LocalizedStringsTests.swift in Sources */ = {isa = PBXBuildFile; fileRef = 8F726F53E11F750BD7E09070 /* LocalizedStringsTests.swift */; };
		CC0F1749FCC967A5AE158B04 /* DansProtocolUITests.swift in Sources */ = {isa = PBXBuildFile; fileRef = 3EA34734523B94C1C2485905 /* DansProtocolUITests.swift */; };
		D415669EE060D7F8102A3AAB /* Question.swift in Sources */ = {isa = PBXBuildFile; fileRef = EA5DA4F87A675E4974F57F7C /* Question.swift */; };
		ED7A23FE43A203B5E7894490 /* Part2WaitingView.swift in Sources */ = {isa = PBXBuildFile; fileRef = EDF340BB59BB223ECD702B3E /* Part2WaitingView.swift */; };
		F5A1E3E4D25299036570C4F4 /* InterruptView.swift in Sources */ = {isa = PBXBuildFile; fileRef = A39D9D804DAB35928A71B14F /* InterruptView.swift */; };
		F6A8DBAF388BC2B1D5D74C33 /* QuestionView.swift in Sources */ = {isa = PBXBuildFile; fileRef = 6A3DA8EF3FE76BD91CA012D0 /* QuestionView.swift */; };
		FD7E98C4176DBBB2704B32F2 /* NotificationPermissionView.swift in Sources */ = {isa = PBXBuildFile; fileRef = D1154D225EE8AEBCFB62D38C /* NotificationPermissionView.swift */; };
/* End PBXBuildFile section */

/* Begin PBXContainerItemProxy section */
		364981D18986DBD403C2E2C3 /* PBXContainerItemProxy */ = {
			isa = PBXContainerItemProxy;
			containerPortal = FADFADF5253B18A1EB356097 /* Project object */;
			proxyType = 1;
			remoteGlobalIDString = B830AE3B30E0FCCDA567F645;
			remoteInfo = DansProtocol;
		};
		83435787656E00C7DF675EEB /* PBXContainerItemProxy */ = {
			isa = PBXContainerItemProxy;
			containerPortal = FADFADF5253B18A1EB356097 /* Project object */;
			proxyType = 1;
			remoteGlobalIDString = B830AE3B30E0FCCDA567F645;
			remoteInfo = DansProtocol;
		};
/* End PBXContainerItemProxy section */

/* Begin PBXFileReference section */
		0757A8CB3ECB994F5CB1369C /* Typography.swift */ = {isa = PBXFileReference; lastKnownFileType = sourcecode.swift; path = Typography.swift; sourceTree = "<group>"; };
		1A90323408CA2D8264C40B8B /* FontRequirements.swift */ = {isa = PBXFileReference; lastKnownFileType = sourcecode.swift; path = FontRequirements.swift; sourceTree = "<group>"; };
		219C7D686CFE72A994D902EB /* JournalingView.swift */ = {isa = PBXFileReference; lastKnownFileType = sourcecode.swift; path = JournalingView.swift; sourceTree = "<group>"; };
		254443C77F1AA13B005E3379 /* SessionDetailView.swift */ = {isa = PBXFileReference; lastKnownFileType = sourcecode.swift; path = SessionDetailView.swift; sourceTree = "<group>"; };
		266E1D6A3B2879128B4C880A /* LifeGameComponents.swift */ = {isa = PBXFileReference; lastKnownFileType = sourcecode.swift; path = LifeGameComponents.swift; sourceTree = "<group>"; };
		284D4F815D35C722617A5183 /* DateExtensionsTests.swift */ = {isa = PBXFileReference; lastKnownFileType = sourcecode.swift; path = DateExtensionsTests.swift; sourceTree = "<group>"; };
		28E1A69C2305E27CDBDE0BDC /* Spacing.swift */ = {isa = PBXFileReference; lastKnownFileType = sourcecode.swift; path = Spacing.swift; sourceTree = "<group>"; };
		31AC943AA95B68F29A8739EA /* QuestionServiceTests.swift */ = {isa = PBXFileReference; lastKnownFileType = sourcecode.swift; path = QuestionServiceTests.swift; sourceTree = "<group>"; };
		3EA34734523B94C1C2485905 /* DansProtocolUITests.swift */ = {isa = PBXFileReference; lastKnownFileType = sourcecode.swift; path = DansProtocolUITests.swift; sourceTree = "<group>"; };
		47CA61DB782FC5A13F8B0CC1 /* LocalizedStrings.swift */ = {isa = PBXFileReference; lastKnownFileType = sourcecode.swift; path = LocalizedStrings.swift; sourceTree = "<group>"; };
		486C4821F6E0CA4729541506 /* Colors.swift */ = {isa = PBXFileReference; lastKnownFileType = sourcecode.swift; path = Colors.swift; sourceTree = "<group>"; };
		4AF82C2B2180C52FAB3031D6 /* LanguageSelectionView.swift */ = {isa = PBXFileReference; lastKnownFileType = sourcecode.swift; path = LanguageSelectionView.swift; sourceTree = "<group>"; };
		4BF605C5F4B443193DEDA4B9 /* CompletionView.swift */ = {isa = PBXFileReference; lastKnownFileType = sourcecode.swift; path = CompletionView.swift; sourceTree = "<group>"; };
		4F41445EADDC175942476E6B /* NotificationService.swift */ = {isa = PBXFileReference; lastKnownFileType = sourcecode.swift; path = NotificationService.swift; sourceTree = "<group>"; };
		50FC96361F2C439657B02067 /* SessionComparisonView.swift */ = {isa = PBXFileReference; lastKnownFileType = sourcecode.swift; path = SessionComparisonView.swift; sourceTree = "<group>"; };
		53812F256671A9DD224E6719 /* DansProtocolApp.swift */ = {isa = PBXFileReference; lastKnownFileType = sourcecode.swift; path = DansProtocolApp.swift; sourceTree = "<group>"; };
		58F06F1B924E5A5208A2F12B /* ComponentsInputView.swift */ = {isa = PBXFileReference; lastKnownFileType = sourcecode.swift; path = ComponentsInputView.swift; sourceTree = "<group>"; };
		5C540338993B82F3AA636931 /* ContentView.swift */ = {isa = PBXFileReference; lastKnownFileType = sourcecode.swift; path = ContentView.swift; sourceTree = "<group>"; };
		6120897A8CD2C6D432337DD7 /* HistoryView.swift */ = {isa = PBXFileReference; lastKnownFileType = sourcecode.swift; path = HistoryView.swift; sourceTree = "<group>"; };
		6A3DA8EF3FE76BD91CA012D0 /* QuestionView.swift */ = {isa = PBXFileReference; lastKnownFileType = sourcecode.swift; path = QuestionView.swift; sourceTree = "<group>"; };
		6E2AD7E023FF2BEEB14F4CE6 /* AppViewModel.swift */ = {isa = PBXFileReference; lastKnownFileType = sourcecode.swift; path = AppViewModel.swift; sourceTree = "<group>"; };
		6E738F80E5015F15B8C6D9AA /* DansProtocolUITests.xctest */ = {isa = PBXFileReference; includeInIndex = 0; lastKnownFileType = wrapper.cfbundle; path = DansProtocolUITests.xctest; sourceTree = BUILT_PRODUCTS_DIR; };
		79F4317C44D667E669B517C0 /* DansProtocolTests.swift */ = {isa = PBXFileReference; lastKnownFileType = sourcecode.swift; path = DansProtocolTests.swift; sourceTree = "<group>"; };
		8F726F53E11F750BD7E09070 /* LocalizedStringsTests.swift */ = {isa = PBXFileReference; lastKnownFileType = sourcecode.swift; path = LocalizedStringsTests.swift; sourceTree = "<group>"; };
		8FC5395C54A5C717BCDE2BFF /* TextButton.swift */ = {isa = PBXFileReference; lastKnownFileType = sourcecode.swift; path = TextButton.swift; sourceTree = "<group>"; };
		959510E05757D30CE7660541 /* DateSelectionView.swift */ = {isa = PBXFileReference; lastKnownFileType = sourcecode.swift; path = DateSelectionView.swift; sourceTree = "<group>"; };
		986254C95258513968599755 /* DansProtocolUITestsLaunchTests.swift */ = {isa = PBXFileReference; lastKnownFileType = sourcecode.swift; path = DansProtocolUITestsLaunchTests.swift; sourceTree = "<group>"; };
		A39D9D804DAB35928A71B14F /* InterruptView.swift */ = {isa = PBXFileReference; lastKnownFileType = sourcecode.swift; path = InterruptView.swift; sourceTree = "<group>"; };
		A4CB8EEA1708BE058AF57392 /* DansProtocol.app */ = {isa = PBXFileReference; includeInIndex = 0; lastKnownFileType = wrapper.application; path = DansProtocol.app; sourceTree = BUILT_PRODUCTS_DIR; };
		A9D692E3653CE437E291AE63 /* DansProtocol.entitlements */ = {isa = PBXFileReference; lastKnownFileType = text.plist.entitlements; path = DansProtocol.entitlements; sourceTree = "<group>"; };
		ABF63CDBA9C3EF1FAC5F6653 /* ShareSheet.swift */ = {isa = PBXFileReference; lastKnownFileType = sourcecode.swift; path = ShareSheet.swift; sourceTree = "<group>"; };
		B1CB4AE701231165552C5F4C /* ReadyStepView.swift */ = {isa = PBXFileReference; lastKnownFileType = sourcecode.swift; path = ReadyStepView.swift; sourceTree = "<group>"; };
		B4A4EDEEE34BABCEF45C9319 /* WakeTimeSelectionView.swift */ = {isa = PBXFileReference; lastKnownFileType = sourcecode.swift; path = WakeTimeSelectionView.swift; sourceTree = "<group>"; };
		B5793D77DF2633929199B174 /* ShareImageGenerator.swift */ = {isa = PBXFileReference; lastKnownFileType = sourcecode.swift; path = ShareImageGenerator.swift; sourceTree = "<group>"; };
		BB25DB689F8EE5E7B1EF7DCA /* QuestionService.swift */ = {isa = PBXFileReference; lastKnownFileType = sourcecode.swift; path = QuestionService.swift; sourceTree = "<group>"; };
		C2C77085E5408516B44A6252 /* OnboardingView.swift */ = {isa = PBXFileReference; lastKnownFileType = sourcecode.swift; path = OnboardingView.swift; sourceTree = "<group>"; };
		CD1D818B85F852D79003616C /* OnboardingViewModel.swift */ = {isa = PBXFileReference; lastKnownFileType = sourcecode.swift; path = OnboardingViewModel.swift; sourceTree = "<group>"; };
		D1154D225EE8AEBCFB62D38C /* NotificationPermissionView.swift */ = {isa = PBXFileReference; lastKnownFileType = sourcecode.swift; path = NotificationPermissionView.swift; sourceTree = "<group>"; };
		D11A23229A3E5CD6F76D4050 /* Date+Extensions.swift */ = {isa = PBXFileReference; lastKnownFileType = sourcecode.swift; path = "Date+Extensions.swift"; sourceTree = "<group>"; };
		DDD26459931BB7B7E92DEA5A /* DansProtocolTests.xctest */ = {isa = PBXFileReference; includeInIndex = 0; lastKnownFileType = wrapper.cfbundle; path = DansProtocolTests.xctest; sourceTree = BUILT_PRODUCTS_DIR; };
		E0FF0E241D31D5B34C393591 /* SynthesisView.swift */ = {isa = PBXFileReference; lastKnownFileType = sourcecode.swift; path = SynthesisView.swift; sourceTree = "<group>"; };
		E9545783E5954BA95A9341E6 /* ProtocolSession.swift */ = {isa = PBXFileReference; lastKnownFileType = sourcecode.swift; path = ProtocolSession.swift; sourceTree = "<group>"; };
		EA5DA4F87A675E4974F57F7C /* Question.swift */ = {isa = PBXFileReference; lastKnownFileType = sourcecode.swift; path = Question.swift; sourceTree = "<group>"; };
		EDF340BB59BB223ECD702B3E /* Part2WaitingView.swift */ = {isa = PBXFileReference; lastKnownFileType = sourcecode.swift; path = Part2WaitingView.swift; sourceTree = "<group>"; };
		EFA9707C4FA4C12EAE04A304 /* MinimalTextField.swift */ = {isa = PBXFileReference; lastKnownFileType = sourcecode.swift; path = MinimalTextField.swift; sourceTree = "<group>"; };
		F0C49D3E5A94CB68CCDDD46A /* JournalEntry.swift */ = {isa = PBXFileReference; lastKnownFileType = sourcecode.swift; path = JournalEntry.swift; sourceTree = "<group>"; };
		F56DC7999326DA4A8A11A960 /* JournalingViewModel.swift */ = {isa = PBXFileReference; lastKnownFileType = sourcecode.swift; path = JournalingViewModel.swift; sourceTree = "<group>"; };
/* End PBXFileReference section */

/* Begin PBXGroup section */
		06328FF77B12FFACE8DE7034 /* Journaling */ = {
			isa = PBXGroup;
			children = (
				219C7D686CFE72A994D902EB /* JournalingView.swift */,
			);
			path = Journaling;
			sourceTree = "<group>";
		};
		194938F146187CA663BC230D /* Models */ = {
			isa = PBXGroup;
			children = (
				F0C49D3E5A94CB68CCDDD46A /* JournalEntry.swift */,
				266E1D6A3B2879128B4C880A /* LifeGameComponents.swift */,
				E9545783E5954BA95A9341E6 /* ProtocolSession.swift */,
				EA5DA4F87A675E4974F57F7C /* Question.swift */,
			);
			path = Models;
			sourceTree = "<group>";
		};
		1C2DC412FAE0001E2D400E71 /* Completion */ = {
			isa = PBXGroup;
			children = (
				4BF605C5F4B443193DEDA4B9 /* CompletionView.swift */,
				B5793D77DF2633929199B174 /* ShareImageGenerator.swift */,
				ABF63CDBA9C3EF1FAC5F6653 /* ShareSheet.swift */,
			);
			path = Completion;
			sourceTree = "<group>";
		};
		3EF787DFABCAC53F8AEDBFE6 /* Components */ = {
			isa = PBXGroup;
			children = (
				EFA9707C4FA4C12EAE04A304 /* MinimalTextField.swift */,
				6A3DA8EF3FE76BD91CA012D0 /* QuestionView.swift */,
				8FC5395C54A5C717BCDE2BFF /* TextButton.swift */,
			);
			path = Components;
			sourceTree = "<group>";
		};
		43BD2C6ED58F2AD1A74377C1 /* Views */ = {
			isa = PBXGroup;
			children = (
				1C2DC412FAE0001E2D400E71 /* Completion */,
				3EF787DFABCAC53F8AEDBFE6 /* Components */,
				888F266A88F38A82A6FF31AD /* History */,
				96AAB66219A91484A994F139 /* Interrupt */,
				06328FF77B12FFACE8DE7034 /* Journaling */,
				F9D5D0E271F0EA69613FA29B /* Onboarding */,
				BCB8197DA6FDCCE81232F128 /* Synthesis */,
			);
			path = Views;
			sourceTree = "<group>";
		};
		48FE6B4D46E87837BBBAE72C /* DansProtocol */ = {
			isa = PBXGroup;
			children = (
				5C540338993B82F3AA636931 /* ContentView.swift */,
				A9D692E3653CE437E291AE63 /* DansProtocol.entitlements */,
				53812F256671A9DD224E6719 /* DansProtocolApp.swift */,
				FD93857922BABBF1F36E1B2F /* Extensions */,
				194938F146187CA663BC230D /* Models */,
				739040612AE887CA45EB929E /* Resources */,
				8B4D08D5F8B39B9476F56D3C /* Services */,
				A3828AD28CCFC7A91A5ED4D2 /* ViewModels */,
				43BD2C6ED58F2AD1A74377C1 /* Views */,
			);
			path = DansProtocol;
			sourceTree = "<group>";
		};
		739040612AE887CA45EB929E /* Resources */ = {
			isa = PBXGroup;
			children = (
				1A90323408CA2D8264C40B8B /* FontRequirements.swift */,
			);
			path = Resources;
			sourceTree = "<group>";
		};
		888F266A88F38A82A6FF31AD /* History */ = {
			isa = PBXGroup;
			children = (
				6120897A8CD2C6D432337DD7 /* HistoryView.swift */,
				50FC96361F2C439657B02067 /* SessionComparisonView.swift */,
				254443C77F1AA13B005E3379 /* SessionDetailView.swift */,
			);
			path = History;
			sourceTree = "<group>";
		};
		8B4D08D5F8B39B9476F56D3C /* Services */ = {
			isa = PBXGroup;
			children = (
				4F41445EADDC175942476E6B /* NotificationService.swift */,
				BB25DB689F8EE5E7B1EF7DCA /* QuestionService.swift */,
			);
			path = Services;
			sourceTree = "<group>";
		};
		96AAB66219A91484A994F139 /* Interrupt */ = {
			isa = PBXGroup;
			children = (
				A39D9D804DAB35928A71B14F /* InterruptView.swift */,
				EDF340BB59BB223ECD702B3E /* Part2WaitingView.swift */,
			);
			path = Interrupt;
			sourceTree = "<group>";
		};
		A3828AD28CCFC7A91A5ED4D2 /* ViewModels */ = {
			isa = PBXGroup;
			children = (
				6E2AD7E023FF2BEEB14F4CE6 /* AppViewModel.swift */,
				F56DC7999326DA4A8A11A960 /* JournalingViewModel.swift */,
				CD1D818B85F852D79003616C /* OnboardingViewModel.swift */,
			);
			path = ViewModels;
			sourceTree = "<group>";
		};
		AC7894D1C35993164C709753 /* DansProtocolTests */ = {
			isa = PBXGroup;
			children = (
				79F4317C44D667E669B517C0 /* DansProtocolTests.swift */,
				284D4F815D35C722617A5183 /* DateExtensionsTests.swift */,
				8F726F53E11F750BD7E09070 /* LocalizedStringsTests.swift */,
				31AC943AA95B68F29A8739EA /* QuestionServiceTests.swift */,
			);
			path = DansProtocolTests;
			sourceTree = "<group>";
		};
		BCB8197DA6FDCCE81232F128 /* Synthesis */ = {
			isa = PBXGroup;
			children = (
				58F06F1B924E5A5208A2F12B /* ComponentsInputView.swift */,
				E0FF0E241D31D5B34C393591 /* SynthesisView.swift */,
			);
			path = Synthesis;
			sourceTree = "<group>";
		};
		C9283BDBFC12E317357B15C5 /* Products */ = {
			isa = PBXGroup;
			children = (
				A4CB8EEA1708BE058AF57392 /* DansProtocol.app */,
				DDD26459931BB7B7E92DEA5A /* DansProtocolTests.xctest */,
				6E738F80E5015F15B8C6D9AA /* DansProtocolUITests.xctest */,
			);
			name = Products;
			sourceTree = "<group>";
		};
		CD3E18C8304F44C43F8AF252 /* DansProtocolUITests */ = {
			isa = PBXGroup;
			children = (
				3EA34734523B94C1C2485905 /* DansProtocolUITests.swift */,
				986254C95258513968599755 /* DansProtocolUITestsLaunchTests.swift */,
			);
			path = DansProtocolUITests;
			sourceTree = "<group>";
		};
		F902808518B926E8EFA6A4CE = {
			isa = PBXGroup;
			children = (
				48FE6B4D46E87837BBBAE72C /* DansProtocol */,
				AC7894D1C35993164C709753 /* DansProtocolTests */,
				CD3E18C8304F44C43F8AF252 /* DansProtocolUITests */,
				C9283BDBFC12E317357B15C5 /* Products */,
			);
			sourceTree = "<group>";
		};
		F9D5D0E271F0EA69613FA29B /* Onboarding */ = {
			isa = PBXGroup;
			children = (
				959510E05757D30CE7660541 /* DateSelectionView.swift */,
				4AF82C2B2180C52FAB3031D6 /* LanguageSelectionView.swift */,
				D1154D225EE8AEBCFB62D38C /* NotificationPermissionView.swift */,
				C2C77085E5408516B44A6252 /* OnboardingView.swift */,
				B1CB4AE701231165552C5F4C /* ReadyStepView.swift */,
				B4A4EDEEE34BABCEF45C9319 /* WakeTimeSelectionView.swift */,
			);
			path = Onboarding;
			sourceTree = "<group>";
		};
		FD93857922BABBF1F36E1B2F /* Extensions */ = {
			isa = PBXGroup;
			children = (
				486C4821F6E0CA4729541506 /* Colors.swift */,
				D11A23229A3E5CD6F76D4050 /* Date+Extensions.swift */,
				47CA61DB782FC5A13F8B0CC1 /* LocalizedStrings.swift */,
				28E1A69C2305E27CDBDE0BDC /* Spacing.swift */,
				0757A8CB3ECB994F5CB1369C /* Typography.swift */,
			);
			path = Extensions;
			sourceTree = "<group>";
		};
/* End PBXGroup section */

/* Begin PBXNativeTarget section */
		6F920FD1C69F645F3CB44E85 /* DansProtocolTests */ = {
			isa = PBXNativeTarget;
			buildConfigurationList = 732FBE03CDBB20714C60A1CD /* Build configuration list for PBXNativeTarget "DansProtocolTests" */;
			buildPhases = (
				4C46385BDA268644DB93E404 /* Sources */,
			);
			buildRules = (
			);
			dependencies = (
				995627995EB7511DF16695CB /* PBXTargetDependency */,
			);
			name = DansProtocolTests;
			packageProductDependencies = (
			);
			productName = DansProtocolTests;
			productReference = DDD26459931BB7B7E92DEA5A /* DansProtocolTests.xctest */;
			productType = "com.apple.product-type.bundle.unit-test";
		};
		B33155CE1EE5D03F6D70D00A /* DansProtocolUITests */ = {
			isa = PBXNativeTarget;
			buildConfigurationList = 5FF0AF2BDC195B5F0BED9BB3 /* Build configuration list for PBXNativeTarget "DansProtocolUITests" */;
			buildPhases = (
				19B3E4DA740CD4854B384962 /* Sources */,
			);
			buildRules = (
			);
			dependencies = (
				9EBDC94F792BA3328853056C /* PBXTargetDependency */,
			);
			name = DansProtocolUITests;
			packageProductDependencies = (
			);
			productName = DansProtocolUITests;
			productReference = 6E738F80E5015F15B8C6D9AA /* DansProtocolUITests.xctest */;
			productType = "com.apple.product-type.bundle.ui-testing";
		};
		B830AE3B30E0FCCDA567F645 /* DansProtocol */ = {
			isa = PBXNativeTarget;
			buildConfigurationList = 3AA6030C36DFC32E4C301B5F /* Build configuration list for PBXNativeTarget "DansProtocol" */;
			buildPhases = (
				29117BEE41DDE82C8093AD4C /* Sources */,
			);
			buildRules = (
			);
			dependencies = (
			);
			name = DansProtocol;
			packageProductDependencies = (
			);
			productName = DansProtocol;
			productReference = A4CB8EEA1708BE058AF57392 /* DansProtocol.app */;
			productType = "com.apple.product-type.application";
		};
/* End PBXNativeTarget section */

/* Begin PBXProject section */
		FADFADF5253B18A1EB356097 /* Project object */ = {
			isa = PBXProject;
			attributes = {
				BuildIndependentTargetsInParallel = YES;
				LastUpgradeCheck = 1500;
				TargetAttributes = {
					6F920FD1C69F645F3CB44E85 = {
						DevelopmentTeam = "";
					};
					B33155CE1EE5D03F6D70D00A = {
						DevelopmentTeam = "";
						TestTargetID = B830AE3B30E0FCCDA567F645;
					};
					B830AE3B30E0FCCDA567F645 = {
						DevelopmentTeam = "";
						ProvisioningStyle = Automatic;
					};
				};
			};
			buildConfigurationList = 919C3B4E8039B7EDAA0D8C07 /* Build configuration list for PBXProject "DansProtocol" */;
			compatibilityVersion = "Xcode 14.0";
			developmentRegion = en;
			hasScannedForEncodings = 0;
			knownRegions = (
				Base,
				en,
			);
			mainGroup = F902808518B926E8EFA6A4CE;
			minimizedProjectReferenceProxies = 1;
			preferredProjectObjectVersion = 77;
			projectDirPath = "";
			projectRoot = "";
			targets = (
				B830AE3B30E0FCCDA567F645 /* DansProtocol */,
				6F920FD1C69F645F3CB44E85 /* DansProtocolTests */,
				B33155CE1EE5D03F6D70D00A /* DansProtocolUITests */,
			);
		};
/* End PBXProject section */

/* Begin PBXSourcesBuildPhase section */
		19B3E4DA740CD4854B384962 /* Sources */ = {
			isa = PBXSourcesBuildPhase;
			buildActionMask = 2147483647;
			files = (
				CC0F1749FCC967A5AE158B04 /* DansProtocolUITests.swift in Sources */,
				C0F08B5FED072FFF88E37E94 /* DansProtocolUITestsLaunchTests.swift in Sources */,
			);
			runOnlyForDeploymentPostprocessing = 0;
		};
		29117BEE41DDE82C8093AD4C /* Sources */ = {
			isa = PBXSourcesBuildPhase;
			buildActionMask = 2147483647;
			files = (
				00274311D99A3F8C55943D50 /* AppViewModel.swift in Sources */,
				B06333C8C8BEB6BB5CC02F95 /* Colors.swift in Sources */,
				3840A4A1AE5A5C9041E8DBF3 /* CompletionView.swift in Sources */,
				BA9CDEB4F8A37265E4820540 /* ComponentsInputView.swift in Sources */,
				0D526D57352C8BB7D3583192 /* ContentView.swift in Sources */,
				7747BBFBA2CB2B45A12F66E8 /* DansProtocolApp.swift in Sources */,
				8DD61FFC1CD41C294FBD3082 /* Date+Extensions.swift in Sources */,
				75A83322146A1589CFE5FA39 /* DateSelectionView.swift in Sources */,
				3CC10807FD9B1DD2F7910B06 /* FontRequirements.swift in Sources */,
				58CA24D40EB4EDCB0F3B2A1A /* HistoryView.swift in Sources */,
				F5A1E3E4D25299036570C4F4 /* InterruptView.swift in Sources */,
				8200193DA2F4AD43AE7C81C4 /* JournalEntry.swift in Sources */,
				539C33C10C395ACA2DD80A80 /* JournalingView.swift in Sources */,
				7C00920EE2545B34DA431ACE /* JournalingViewModel.swift in Sources */,
				6A5FE3915A5D8E4321D537E6 /* LanguageSelectionView.swift in Sources */,
				5BFF7339E5FDED4A351DC65D /* LifeGameComponents.swift in Sources */,
				24A9C2329C1FCE611A5AAE55 /* LocalizedStrings.swift in Sources */,
				BD8912169F1730E3271B85F8 /* MinimalTextField.swift in Sources */,
				FD7E98C4176DBBB2704B32F2 /* NotificationPermissionView.swift in Sources */,
				319F71DD5453223AE675E73B /* NotificationService.swift in Sources */,
				BE0FB3096E91BB15F535D5D9 /* OnboardingView.swift in Sources */,
				9F432BA47D7C6D282853A8E8 /* OnboardingViewModel.swift in Sources */,
				ED7A23FE43A203B5E7894490 /* Part2WaitingView.swift in Sources */,
				7113A93D527E447BD2FC03D3 /* ProtocolSession.swift in Sources */,
				D415669EE060D7F8102A3AAB /* Question.swift in Sources */,
				A6B79BBE5A052F7803E6B095 /* QuestionService.swift in Sources */,
				F6A8DBAF388BC2B1D5D74C33 /* QuestionView.swift in Sources */,
				1422BD47C86B253E525297DD /* ReadyStepView.swift in Sources */,
				99C91169EA157308A672025E /* SessionComparisonView.swift in Sources */,
				54B91D0F87FFCD70D31854AE /* SessionDetailView.swift in Sources */,
				A490D96D005EB85E302E9A1C /* ShareImageGenerator.swift in Sources */,
				0BD1D5CA3AF221F42E61DF0F /* ShareSheet.swift in Sources */,
				BC6F54B64655AB2D6C98F242 /* Spacing.swift in Sources */,
				7495BE5672C275675FC14039 /* SynthesisView.swift in Sources */,
				82CD222098681726226C3098 /* TextButton.swift in Sources */,
				B746747C288F38B81D376605 /* Typography.swift in Sources */,
				8627EBB5775EE2D5FFDA5870 /* WakeTimeSelectionView.swift in Sources */,
			);
			runOnlyForDeploymentPostprocessing = 0;
		};
		4C46385BDA268644DB93E404 /* Sources */ = {
			isa = PBXSourcesBuildPhase;
			buildActionMask = 2147483647;
			files = (
				C0183BFA76E05825085DC927 /* DansProtocolTests.swift in Sources */,
				B3CA3A3E1D1E9E9786BD8520 /* DateExtensionsTests.swift in Sources */,
				C5D3AAC9A7D40A4213B88CC9 /* LocalizedStringsTests.swift in Sources */,
				01598381D541F8F4BEAA0B55 /* QuestionServiceTests.swift in Sources */,
			);
			runOnlyForDeploymentPostprocessing = 0;
		};
/* End PBXSourcesBuildPhase section */

/* Begin PBXTargetDependency section */
		995627995EB7511DF16695CB /* PBXTargetDependency */ = {
			isa = PBXTargetDependency;
			target = B830AE3B30E0FCCDA567F645 /* DansProtocol */;
			targetProxy = 83435787656E00C7DF675EEB /* PBXContainerItemProxy */;
		};
		9EBDC94F792BA3328853056C /* PBXTargetDependency */ = {
			isa = PBXTargetDependency;
			target = B830AE3B30E0FCCDA567F645 /* DansProtocol */;
			targetProxy = 364981D18986DBD403C2E2C3 /* PBXContainerItemProxy */;
		};
/* End PBXTargetDependency section */

/* Begin XCBuildConfiguration section */
		08819A4786891E2FDE6C99F1 /* Release */ = {
			isa = XCBuildConfiguration;
			buildSettings = {
				ASSETCATALOG_COMPILER_APPICON_NAME = AppIcon;
				ASSETCATALOG_COMPILER_GLOBAL_ACCENT_COLOR_NAME = AccentColor;
				CODE_SIGN_ENTITLEMENTS = DansProtocol/DansProtocol.entitlements;
				CODE_SIGN_IDENTITY = "iPhone Developer";
				CODE_SIGN_STYLE = Automatic;
				CURRENT_PROJECT_VERSION = 1;
				GENERATE_INFOPLIST_FILE = YES;
				INFOPLIST_FILE = DansProtocol/Info.plist;
				INFOPLIST_KEY_UIApplicationSceneManifest_Generation = YES;
				INFOPLIST_KEY_UIApplicationSupportsIndirectInputEvents = YES;
				INFOPLIST_KEY_UILaunchScreen_Generation = YES;
				INFOPLIST_KEY_UISupportedInterfaceOrientations_iPad = "UIInterfaceOrientationPortrait UIInterfaceOrientationPortraitUpsideDown UIInterfaceOrientationLandscapeLeft UIInterfaceOrientationLandscapeRight";
				INFOPLIST_KEY_UISupportedInterfaceOrientations_iPhone = UIInterfaceOrientationPortrait;
				LD_RUNPATH_SEARCH_PATHS = (
					"$(inherited)",
					"@executable_path/Frameworks",
				);
				MARKETING_VERSION = 1.0.0;
				PRODUCT_BUNDLE_IDENTIFIER = com.dansprotocol.DansProtocol;
				PRODUCT_NAME = "Dan's Protocol";
				SDKROOT = iphoneos;
				SWIFT_EMIT_LOC_STRINGS = YES;
				TARGETED_DEVICE_FAMILY = "1,2";
			};
			name = Release;
		};
		1986E17406DE381B716575AA /* Debug */ = {
			isa = XCBuildConfiguration;
			buildSettings = {
				ALWAYS_SEARCH_USER_PATHS = NO;
				CLANG_ANALYZER_NONNULL = YES;
				CLANG_ANALYZER_NUMBER_OBJECT_CONVERSION = YES_AGGRESSIVE;
				CLANG_CXX_LANGUAGE_STANDARD = "gnu++14";
				CLANG_CXX_LIBRARY = "libc++";
				CLANG_ENABLE_MODULES = YES;
				CLANG_ENABLE_OBJC_ARC = YES;
				CLANG_ENABLE_OBJC_WEAK = YES;
				CLANG_WARN_BLOCK_CAPTURE_AUTORELEASING = YES;
				CLANG_WARN_BOOL_CONVERSION = YES;
				CLANG_WARN_COMMA = YES;
				CLANG_WARN_CONSTANT_CONVERSION = YES;
				CLANG_WARN_DEPRECATED_OBJC_IMPLEMENTATIONS = YES;
				CLANG_WARN_DIRECT_OBJC_ISA_USAGE = YES_ERROR;
				CLANG_WARN_DOCUMENTATION_COMMENTS = YES;
				CLANG_WARN_EMPTY_BODY = YES;
				CLANG_WARN_ENUM_CONVERSION = YES;
				CLANG_WARN_INFINITE_RECURSION = YES;
				CLANG_WARN_INT_CONVERSION = YES;
				CLANG_WARN_NON_LITERAL_NULL_CONVERSION = YES;
				CLANG_WARN_OBJC_IMPLICIT_RETAIN_SELF = YES;
				CLANG_WARN_OBJC_LITERAL_CONVERSION = YES;
				CLANG_WARN_OBJC_ROOT_CLASS = YES_ERROR;
				CLANG_WARN_QUOTED_INCLUDE_IN_FRAMEWORK_HEADER = YES;
				CLANG_WARN_RANGE_LOOP_ANALYSIS = YES;
				CLANG_WARN_STRICT_PROTOTYPES = YES;
				CLANG_WARN_SUSPICIOUS_MOVE = YES;
				CLANG_WARN_UNGUARDED_AVAILABILITY = YES_AGGRESSIVE;
				CLANG_WARN_UNREACHABLE_CODE = YES;
				CLANG_WARN__DUPLICATE_METHOD_MATCH = YES;
				COPY_PHASE_STRIP = NO;
				DEBUG_INFORMATION_FORMAT = dwarf;
				DEVELOPMENT_TEAM = "";
				ENABLE_STRICT_OBJC_MSGSEND = YES;
				ENABLE_TESTABILITY = YES;
				GCC_C_LANGUAGE_STANDARD = gnu11;
				GCC_DYNAMIC_NO_PIC = NO;
				GCC_NO_COMMON_BLOCKS = YES;
				GCC_OPTIMIZATION_LEVEL = 0;
				GCC_PREPROCESSOR_DEFINITIONS = (
					"$(inherited)",
					"DEBUG=1",
				);
				GCC_WARN_64_TO_32_BIT_CONVERSION = YES;
				GCC_WARN_ABOUT_RETURN_TYPE = YES_ERROR;
				GCC_WARN_UNDECLARED_SELECTOR = YES;
				GCC_WARN_UNINITIALIZED_AUTOS = YES_AGGRESSIVE;
				GCC_WARN_UNUSED_FUNCTION = YES;
				GCC_WARN_UNUSED_VARIABLE = YES;
				IPHONEOS_DEPLOYMENT_TARGET = 17.0;
				MTL_ENABLE_DEBUG_INFO = INCLUDE_SOURCE;
				MTL_FAST_MATH = YES;
				ONLY_ACTIVE_ARCH = YES;
				PRODUCT_NAME = "$(TARGET_NAME)";
				SDKROOT = iphoneos;
				SWIFT_ACTIVE_COMPILATION_CONDITIONS = DEBUG;
				SWIFT_OPTIMIZATION_LEVEL = "-Onone";
				SWIFT_VERSION = 5.9;
			};
			name = Debug;
		};
		3F5A6FD48EF28E23A1C63B81 /* Debug */ = {
			isa = XCBuildConfiguration;
			buildSettings = {
				BUNDLE_LOADER = "$(TEST_HOST)";
				GENERATE_INFOPLIST_FILE = YES;
				LD_RUNPATH_SEARCH_PATHS = (
					"$(inherited)",
					"@executable_path/Frameworks",
					"@loader_path/Frameworks",
				);
				PRODUCT_BUNDLE_IDENTIFIER = com.dansprotocol.DansProtocolTests;
				SDKROOT = iphoneos;
				TARGETED_DEVICE_FAMILY = "1,2";
				TEST_HOST = "$(BUILT_PRODUCTS_DIR)/DansProtocol.app/$(BUNDLE_EXECUTABLE_FOLDER_PATH)/DansProtocol";
			};
			name = Debug;
		};
		5130A035418A1345101DEC2F /* Release */ = {
			isa = XCBuildConfiguration;
			buildSettings = {
				BUNDLE_LOADER = "$(TEST_HOST)";
				GENERATE_INFOPLIST_FILE = YES;
				LD_RUNPATH_SEARCH_PATHS = (
					"$(inherited)",
					"@executable_path/Frameworks",
					"@loader_path/Frameworks",
				);
				PRODUCT_BUNDLE_IDENTIFIER = com.dansprotocol.DansProtocolTests;
				SDKROOT = iphoneos;
				TARGETED_DEVICE_FAMILY = "1,2";
				TEST_HOST = "$(BUILT_PRODUCTS_DIR)/DansProtocol.app/$(BUNDLE_EXECUTABLE_FOLDER_PATH)/DansProtocol";
			};
			name = Release;
		};
		68CEEFB95620343D82F79E06 /* Release */ = {
			isa = XCBuildConfiguration;
			buildSettings = {
				ALWAYS_SEARCH_USER_PATHS = NO;
				CLANG_ANALYZER_NONNULL = YES;
				CLANG_ANALYZER_NUMBER_OBJECT_CONVERSION = YES_AGGRESSIVE;
				CLANG_CXX_LANGUAGE_STANDARD = "gnu++14";
				CLANG_CXX_LIBRARY = "libc++";
				CLANG_ENABLE_MODULES = YES;
				CLANG_ENABLE_OBJC_ARC = YES;
				CLANG_ENABLE_OBJC_WEAK = YES;
				CLANG_WARN_BLOCK_CAPTURE_AUTORELEASING = YES;
				CLANG_WARN_BOOL_CONVERSION = YES;
				CLANG_WARN_COMMA = YES;
				CLANG_WARN_CONSTANT_CONVERSION = YES;
				CLANG_WARN_DEPRECATED_OBJC_IMPLEMENTATIONS = YES;
				CLANG_WARN_DIRECT_OBJC_ISA_USAGE = YES_ERROR;
				CLANG_WARN_DOCUMENTATION_COMMENTS = YES;
				CLANG_WARN_EMPTY_BODY = YES;
				CLANG_WARN_ENUM_CONVERSION = YES;
				CLANG_WARN_INFINITE_RECURSION = YES;
				CLANG_WARN_INT_CONVERSION = YES;
				CLANG_WARN_NON_LITERAL_NULL_CONVERSION = YES;
				CLANG_WARN_OBJC_IMPLICIT_RETAIN_SELF = YES;
				CLANG_WARN_OBJC_LITERAL_CONVERSION = YES;
				CLANG_WARN_OBJC_ROOT_CLASS = YES_ERROR;
				CLANG_WARN_QUOTED_INCLUDE_IN_FRAMEWORK_HEADER = YES;
				CLANG_WARN_RANGE_LOOP_ANALYSIS = YES;
				CLANG_WARN_STRICT_PROTOTYPES = YES;
				CLANG_WARN_SUSPICIOUS_MOVE = YES;
				CLANG_WARN_UNGUARDED_AVAILABILITY = YES_AGGRESSIVE;
				CLANG_WARN_UNREACHABLE_CODE = YES;
				CLANG_WARN__DUPLICATE_METHOD_MATCH = YES;
				COPY_PHASE_STRIP = NO;
				DEBUG_INFORMATION_FORMAT = "dwarf-with-dsym";
				DEVELOPMENT_TEAM = "";
				ENABLE_NS_ASSERTIONS = NO;
				ENABLE_STRICT_OBJC_MSGSEND = YES;
				GCC_C_LANGUAGE_STANDARD = gnu11;
				GCC_NO_COMMON_BLOCKS = YES;
				GCC_WARN_64_TO_32_BIT_CONVERSION = YES;
				GCC_WARN_ABOUT_RETURN_TYPE = YES_ERROR;
				GCC_WARN_UNDECLARED_SELECTOR = YES;
				GCC_WARN_UNINITIALIZED_AUTOS = YES_AGGRESSIVE;
				GCC_WARN_UNUSED_FUNCTION = YES;
				GCC_WARN_UNUSED_VARIABLE = YES;
				IPHONEOS_DEPLOYMENT_TARGET = 17.0;
				MTL_ENABLE_DEBUG_INFO = NO;
				MTL_FAST_MATH = YES;
				PRODUCT_NAME = "$(TARGET_NAME)";
				SDKROOT = iphoneos;
				SWIFT_COMPILATION_MODE = wholemodule;
				SWIFT_OPTIMIZATION_LEVEL = "-O";
				SWIFT_VERSION = 5.9;
			};
			name = Release;
		};
		85E371283A06C655DCEDC060 /* Debug */ = {
			isa = XCBuildConfiguration;
			buildSettings = {
				ASSETCATALOG_COMPILER_APPICON_NAME = AppIcon;
				ASSETCATALOG_COMPILER_GLOBAL_ACCENT_COLOR_NAME = AccentColor;
				CODE_SIGN_ENTITLEMENTS = DansProtocol/DansProtocol.entitlements;
				CODE_SIGN_IDENTITY = "iPhone Developer";
				CODE_SIGN_STYLE = Automatic;
				CURRENT_PROJECT_VERSION = 1;
				GENERATE_INFOPLIST_FILE = YES;
				INFOPLIST_FILE = DansProtocol/Info.plist;
				INFOPLIST_KEY_UIApplicationSceneManifest_Generation = YES;
				INFOPLIST_KEY_UIApplicationSupportsIndirectInputEvents = YES;
				INFOPLIST_KEY_UILaunchScreen_Generation = YES;
				INFOPLIST_KEY_UISupportedInterfaceOrientations_iPad = "UIInterfaceOrientationPortrait UIInterfaceOrientationPortraitUpsideDown UIInterfaceOrientationLandscapeLeft UIInterfaceOrientationLandscapeRight";
				INFOPLIST_KEY_UISupportedInterfaceOrientations_iPhone = UIInterfaceOrientationPortrait;
				LD_RUNPATH_SEARCH_PATHS = (
					"$(inherited)",
					"@executable_path/Frameworks",
				);
				MARKETING_VERSION = 1.0.0;
				PRODUCT_BUNDLE_IDENTIFIER = com.dansprotocol.DansProtocol;
				PRODUCT_NAME = "Dan's Protocol";
				SDKROOT = iphoneos;
				SWIFT_EMIT_LOC_STRINGS = YES;
				TARGETED_DEVICE_FAMILY = "1,2";
			};
			name = Debug;
		};
		881C8D1DDEF75F13223E270B /* Debug */ = {
			isa = XCBuildConfiguration;
			buildSettings = {
				BUNDLE_LOADER = "$(TEST_HOST)";
				GENERATE_INFOPLIST_FILE = YES;
				LD_RUNPATH_SEARCH_PATHS = (
					"$(inherited)",
					"@executable_path/Frameworks",
					"@loader_path/Frameworks",
				);
				PRODUCT_BUNDLE_IDENTIFIER = com.dansprotocol.DansProtocolUITests;
				SDKROOT = iphoneos;
				TARGETED_DEVICE_FAMILY = "1,2";
				TEST_TARGET_NAME = DansProtocol;
			};
			name = Debug;
		};
		FFAEAA40EF4806CFF22C0841 /* Release */ = {
			isa = XCBuildConfiguration;
			buildSettings = {
				BUNDLE_LOADER = "$(TEST_HOST)";
				GENERATE_INFOPLIST_FILE = YES;
				LD_RUNPATH_SEARCH_PATHS = (
					"$(inherited)",
					"@executable_path/Frameworks",
					"@loader_path/Frameworks",
				);
				PRODUCT_BUNDLE_IDENTIFIER = com.dansprotocol.DansProtocolUITests;
				SDKROOT = iphoneos;
				TARGETED_DEVICE_FAMILY = "1,2";
				TEST_TARGET_NAME = DansProtocol;
			};
			name = Release;
		};
/* End XCBuildConfiguration section */

/* Begin XCConfigurationList section */
		3AA6030C36DFC32E4C301B5F /* Build configuration list for PBXNativeTarget "DansProtocol" */ = {
			isa = XCConfigurationList;
			buildConfigurations = (
				85E371283A06C655DCEDC060 /* Debug */,
				08819A4786891E2FDE6C99F1 /* Release */,
			);
			defaultConfigurationIsVisible = 0;
			defaultConfigurationName = Debug;
		};
		5FF0AF2BDC195B5F0BED9BB3 /* Build configuration list for PBXNativeTarget "DansProtocolUITests" */ = {
			isa = XCConfigurationList;
			buildConfigurations = (
				881C8D1DDEF75F13223E270B /* Debug */,
				FFAEAA40EF4806CFF22C0841 /* Release */,
			);
			defaultConfigurationIsVisible = 0;
			defaultConfigurationName = Debug;
		};
		732FBE03CDBB20714C60A1CD /* Build configuration list for PBXNativeTarget "DansProtocolTests" */ = {
			isa = XCConfigurationList;
			buildConfigurations = (
				3F5A6FD48EF28E23A1C63B81 /* Debug */,
				5130A035418A1345101DEC2F /* Release */,
			);
			defaultConfigurationIsVisible = 0;
			defaultConfigurationName = Debug;
		};
		919C3B4E8039B7EDAA0D8C07 /* Build configuration list for PBXProject "DansProtocol" */ = {
			isa = XCConfigurationList;
			buildConfigurations = (
				1986E17406DE381B716575AA /* Debug */,
				68CEEFB95620343D82F79E06 /* Release */,
			);
			defaultConfigurationIsVisible = 0;
			defaultConfigurationName = Debug;
		};
/* End XCConfigurationList section */
	};
	rootObject = FADFADF5253B18A1EB356097 /* Project object */;
}
